
Microsoft Visual Studio Solution File, Format Version 12.00
# Visual Studio Version 17
VisualStudioVersion = 17.10.35122.118
MinimumVisualStudioVersion = 10.0.40219.1
Project("{FAE04EC0-301F-11D3-BF4B-00C04F79EFBC}") = "Casino", "Casino\Casino.csproj", "{391BF572-A563-4471-804E-13F4F5A102FE}"
EndProject
Global
	GlobalSection(SolutionConfigurationPlatforms) = preSolution
		Debug|Any CPU = Debug|Any CPU
		Release|Any CPU = Release|Any CPU
	EndGlobalSection
	GlobalSection(ProjectConfigurationPlatforms) = postSolution
		{391BF572-A563-4471-804E-13F4F5A102FE}.Debug|Any CPU.ActiveCfg = Debug|Any CPU
		{391BF572-A563-4471-804E-13F4F5A102FE}.Debug|Any CPU.Build.0 = Debug|Any CPU
		{391BF572-A563-4471-804E-13F4F5A102FE}.Release|Any CPU.ActiveCfg = Release|Any CPU
		{391BF572-A563-4471-804E-13F4F5A102FE}.Release|Any CPU.Build.0 = Release|Any CPU
	EndGlobalSection
	GlobalSection(SolutionProperties) = preSolution
		HideSolutionNode = FALSE
	EndGlobalSection
	GlobalSection(ExtensibilityGlobals) = postSolution
		SolutionGuid = {5AE1BC40-36E5-46E3-AD5B-7CE52AC09618}
	EndGlobalSection
EndGlobal
