
Microsoft Visual Studio Solution File, Format Version 12.00
# Visual Studio Version 17
VisualStudioVersion = 17.10.35027.167
MinimumVisualStudioVersion = 10.0.40219.1
Project("{FAE04EC0-301F-11D3-BF4B-00C04F79EFBC}") = "WpfApp1", "WpfApp1\WpfApp1.csproj", "{3CDAAFD1-7C65-438D-B1F1-08DFB1F969EC}"
EndProject
Global
	GlobalSection(SolutionConfigurationPlatforms) = preSolution
		Debug|Any CPU = Debug|Any CPU
		Release|Any CPU = Release|Any CPU
	EndGlobalSection
	GlobalSection(ProjectConfigurationPlatforms) = postSolution
		{3CDAAFD1-7C65-438D-B1F1-08DFB1F969EC}.Debug|Any CPU.ActiveCfg = Debug|Any CPU
		{3CDAAFD1-7C65-438D-B1F1-08DFB1F969EC}.Debug|Any CPU.Build.0 = Debug|Any CPU
		{3CDAAFD1-7C65-438D-B1F1-08DFB1F969EC}.Release|Any CPU.ActiveCfg = Release|Any CPU
		{3CDAAFD1-7C65-438D-B1F1-08DFB1F969EC}.Release|Any CPU.Build.0 = Release|Any CPU
	EndGlobalSection
	GlobalSection(SolutionProperties) = preSolution
		HideSolutionNode = FALSE
	EndGlobalSection
	GlobalSection(ExtensibilityGlobals) = postSolution
		SolutionGuid = {FDBDED29-A569-40C0-9C2C-E0DA0D927C6F}
	EndGlobalSection
EndGlobal
